
Microsoft Visual Studio Solution File, Format Version 12.00
# Visual Studio Version 17
VisualStudioVersion = 17.10.34916.146
MinimumVisualStudioVersion = 10.0.40219.1
Project("{2150E333-8FDC-42A3-9474-1A3956D46DE8}") = "Services", "Services", "{B50C29C9-AFB4-496C-9244-5946CAFF5A6E}"
EndProject
Project("{2150E333-8FDC-42A3-9474-1A3956D46DE8}") = "Catalog", "Catalog", "{E5F4CB54-EA3B-4D56-A071-F48FE9AB2FFF}"
EndProject
Project("{9A19103F-16F7-4668-BE54-9A1E7A4F7556}") = "Catalog.API", "Services\Catalog\Catalog.API\Catalog.API.csproj", "{B1664F53-6822-41A3-8A54-49BCA4E52429}"
EndProject
Project("{2150E333-8FDC-42A3-9474-1A3956D46DE8}") = "BuildingBlocks", "BuildingBlocks", "{82D2A3B5-1522-440D-9285-83F82CC3FB88}"
EndProject
Project("{9A19103F-16F7-4668-BE54-9A1E7A4F7556}") = "BuildingBlocks", "BuildingBlocks\BuildingBlocks\BuildingBlocks.csproj", "{D5D3ED37-C1B2-4EE8-A6F0-BB76F1655847}"
EndProject
Project("{E53339B2-1760-4266-BCC7-CA923CBCF16C}") = "docker-compose", "docker-compose.dcproj", "{6E25FC96-B514-4738-980D-2D1CF9690EB4}"
EndProject
Project("{2150E333-8FDC-42A3-9474-1A3956D46DE8}") = "Basket", "Basket", "{A12F6398-5B68-4715-8D6E-585476F3D949}"
EndProject
Project("{9A19103F-16F7-4668-BE54-9A1E7A4F7556}") = "Basket.API", "Services\Basket\Basket.API\Basket.API.csproj", "{BAF27F71-B2FD-4FA0-8318-95AE5CA344F8}"
EndProject
Project("{2150E333-8FDC-42A3-9474-1A3956D46DE8}") = "Discount", "Discount", "{3B58EEAF-6934-45AA-94FA-2E3CE3BF5E28}"
EndProject
Project("{9A19103F-16F7-4668-BE54-9A1E7A4F7556}") = "Discount.Grpc", "Services\Discount\Discount.Grpc\Discount.Grpc.csproj", "{7CA07B3C-7C72-4AD4-A1BB-F942E5DC3433}"
EndProject
Project("{2150E333-8FDC-42A3-9474-1A3956D46DE8}") = "Ordering", "Ordering", "{C4888E6E-536D-4B9E-802D-61AC1DD9EBF8}"
EndProject
Project("{9A19103F-16F7-4668-BE54-9A1E7A4F7556}") = "Ordering.API", "Services\Ordering\Ordering.API\Ordering.API.csproj", "{26A71A19-5B3D-455F-8299-3FD31F9DC439}"
EndProject
Project("{9A19103F-16F7-4668-BE54-9A1E7A4F7556}") = "Ordering.Domain", "Services\Ordering\Ordering.Domain\Ordering.Domain.csproj", "{80C60DE8-DAFD-4C07-A730-FCA63857115D}"
EndProject
Project("{9A19103F-16F7-4668-BE54-9A1E7A4F7556}") = "Ordering.Application", "Services\Ordering\Ordering.Application\Ordering.Application.csproj", "{F6372BC8-C949-46AF-9760-C8BF38D27AAD}"
EndProject
Project("{9A19103F-16F7-4668-BE54-9A1E7A4F7556}") = "Ordering.Infrastructure", "Services\Ordering\Ordering.Infrastructure\Ordering.Infrastructure.csproj", "{B4EC2919-926B-4894-84EE-2B2E38C66554}"
EndProject
Project("{FAE04EC0-301F-11D3-BF4B-00C04F79EFBC}") = "BuildingBlocks.Messaging", "BuildingBlocks\BuildingBlocks.Messaging\BuildingBlocks.Messaging.csproj", "{A1BD7FBA-3100-49D9-9802-605A70C43752}"
EndProject
Project("{2150E333-8FDC-42A3-9474-1A3956D46DE8}") = "ApiGateways", "ApiGateways", "{D106D778-3376-45CA-9387-56492B12A549}"
EndProject
Project("{FAE04EC0-301F-11D3-BF4B-00C04F79EFBC}") = "YarpApiGateway", "ApiGateways\YarpApiGateway\YarpApiGateway.csproj", "{5573076B-665B-421B-8131-83A6F8DBD3FA}"
EndProject
Project("{2150E333-8FDC-42A3-9474-1A3956D46DE8}") = "WebApps", "WebApps", "{ACDC50AF-A427-4F71-BBF2-BAA31E0EB355}"
EndProject
Project("{FAE04EC0-301F-11D3-BF4B-00C04F79EFBC}") = "Shopping.Web", "WebApps\Shopping.Web\Shopping.Web.csproj", "{4F1D8C96-D09C-47DA-9817-D785E04D173B}"
EndProject
Global
	GlobalSection(SolutionConfigurationPlatforms) = preSolution
		Debug|Any CPU = Debug|Any CPU
		Local|Any CPU = Local|Any CPU
		Release|Any CPU = Release|Any CPU
	EndGlobalSection
	GlobalSection(ProjectConfigurationPlatforms) = postSolution
		{B1664F53-6822-41A3-8A54-49BCA4E52429}.Debug|Any CPU.ActiveCfg = Debug|Any CPU
		{B1664F53-6822-41A3-8A54-49BCA4E52429}.Debug|Any CPU.Build.0 = Debug|Any CPU
		{B1664F53-6822-41A3-8A54-49BCA4E52429}.Local|Any CPU.ActiveCfg = Debug|Any CPU
		{B1664F53-6822-41A3-8A54-49BCA4E52429}.Local|Any CPU.Build.0 = Debug|Any CPU
		{B1664F53-6822-41A3-8A54-49BCA4E52429}.Release|Any CPU.ActiveCfg = Release|Any CPU
		{B1664F53-6822-41A3-8A54-49BCA4E52429}.Release|Any CPU.Build.0 = Release|Any CPU
		{D5D3ED37-C1B2-4EE8-A6F0-BB76F1655847}.Debug|Any CPU.ActiveCfg = Debug|Any CPU
		{D5D3ED37-C1B2-4EE8-A6F0-BB76F1655847}.Debug|Any CPU.Build.0 = Debug|Any CPU
		{D5D3ED37-C1B2-4EE8-A6F0-BB76F1655847}.Local|Any CPU.ActiveCfg = Debug|Any CPU
		{D5D3ED37-C1B2-4EE8-A6F0-BB76F1655847}.Local|Any CPU.Build.0 = Debug|Any CPU
		{D5D3ED37-C1B2-4EE8-A6F0-BB76F1655847}.Release|Any CPU.ActiveCfg = Release|Any CPU
		{D5D3ED37-C1B2-4EE8-A6F0-BB76F1655847}.Release|Any CPU.Build.0 = Release|Any CPU
		{6E25FC96-B514-4738-980D-2D1CF9690EB4}.Debug|Any CPU.ActiveCfg = Debug|Any CPU
		{6E25FC96-B514-4738-980D-2D1CF9690EB4}.Debug|Any CPU.Build.0 = Debug|Any CPU
		{6E25FC96-B514-4738-980D-2D1CF9690EB4}.Local|Any CPU.ActiveCfg = Release|Any CPU
		{6E25FC96-B514-4738-980D-2D1CF9690EB4}.Local|Any CPU.Build.0 = Release|Any CPU
		{6E25FC96-B514-4738-980D-2D1CF9690EB4}.Release|Any CPU.ActiveCfg = Release|Any CPU
		{6E25FC96-B514-4738-980D-2D1CF9690EB4}.Release|Any CPU.Build.0 = Release|Any CPU
		{BAF27F71-B2FD-4FA0-8318-95AE5CA344F8}.Debug|Any CPU.ActiveCfg = Debug|Any CPU
		{BAF27F71-B2FD-4FA0-8318-95AE5CA344F8}.Debug|Any CPU.Build.0 = Debug|Any CPU
		{BAF27F71-B2FD-4FA0-8318-95AE5CA344F8}.Local|Any CPU.ActiveCfg = Debug|Any CPU
		{BAF27F71-B2FD-4FA0-8318-95AE5CA344F8}.Local|Any CPU.Build.0 = Debug|Any CPU
		{BAF27F71-B2FD-4FA0-8318-95AE5CA344F8}.Release|Any CPU.ActiveCfg = Release|Any CPU
		{BAF27F71-B2FD-4FA0-8318-95AE5CA344F8}.Release|Any CPU.Build.0 = Release|Any CPU
		{7CA07B3C-7C72-4AD4-A1BB-F942E5DC3433}.Debug|Any CPU.ActiveCfg = Debug|Any CPU
		{7CA07B3C-7C72-4AD4-A1BB-F942E5DC3433}.Debug|Any CPU.Build.0 = Debug|Any CPU
		{7CA07B3C-7C72-4AD4-A1BB-F942E5DC3433}.Local|Any CPU.ActiveCfg = Debug|Any CPU
		{7CA07B3C-7C72-4AD4-A1BB-F942E5DC3433}.Local|Any CPU.Build.0 = Debug|Any CPU
		{7CA07B3C-7C72-4AD4-A1BB-F942E5DC3433}.Release|Any CPU.ActiveCfg = Release|Any CPU
		{7CA07B3C-7C72-4AD4-A1BB-F942E5DC3433}.Release|Any CPU.Build.0 = Release|Any CPU
		{26A71A19-5B3D-455F-8299-3FD31F9DC439}.Debug|Any CPU.ActiveCfg = Debug|Any CPU
		{26A71A19-5B3D-455F-8299-3FD31F9DC439}.Debug|Any CPU.Build.0 = Debug|Any CPU
		{26A71A19-5B3D-455F-8299-3FD31F9DC439}.Local|Any CPU.ActiveCfg = Debug|Any CPU
		{26A71A19-5B3D-455F-8299-3FD31F9DC439}.Local|Any CPU.Build.0 = Debug|Any CPU
		{26A71A19-5B3D-455F-8299-3FD31F9DC439}.Release|Any CPU.ActiveCfg = Release|Any CPU
		{26A71A19-5B3D-455F-8299-3FD31F9DC439}.Release|Any CPU.Build.0 = Release|Any CPU
		{80C60DE8-DAFD-4C07-A730-FCA63857115D}.Debug|Any CPU.ActiveCfg = Debug|Any CPU
		{80C60DE8-DAFD-4C07-A730-FCA63857115D}.Debug|Any CPU.Build.0 = Debug|Any CPU
		{80C60DE8-DAFD-4C07-A730-FCA63857115D}.Local|Any CPU.ActiveCfg = Debug|Any CPU
		{80C60DE8-DAFD-4C07-A730-FCA63857115D}.Local|Any CPU.Build.0 = Debug|Any CPU
		{80C60DE8-DAFD-4C07-A730-FCA63857115D}.Release|Any CPU.ActiveCfg = Release|Any CPU
		{80C60DE8-DAFD-4C07-A730-FCA63857115D}.Release|Any CPU.Build.0 = Release|Any CPU
		{F6372BC8-C949-46AF-9760-C8BF38D27AAD}.Debug|Any CPU.ActiveCfg = Debug|Any CPU
		{F6372BC8-C949-46AF-9760-C8BF38D27AAD}.Debug|Any CPU.Build.0 = Debug|Any CPU
		{F6372BC8-C949-46AF-9760-C8BF38D27AAD}.Local|Any CPU.ActiveCfg = Debug|Any CPU
		{F6372BC8-C949-46AF-9760-C8BF38D27AAD}.Local|Any CPU.Build.0 = Debug|Any CPU
		{F6372BC8-C949-46AF-9760-C8BF38D27AAD}.Release|Any CPU.ActiveCfg = Release|Any CPU
		{F6372BC8-C949-46AF-9760-C8BF38D27AAD}.Release|Any CPU.Build.0 = Release|Any CPU
		{B4EC2919-926B-4894-84EE-2B2E38C66554}.Debug|Any CPU.ActiveCfg = Debug|Any CPU
		{B4EC2919-926B-4894-84EE-2B2E38C66554}.Debug|Any CPU.Build.0 = Debug|Any CPU
		{B4EC2919-926B-4894-84EE-2B2E38C66554}.Local|Any CPU.ActiveCfg = Debug|Any CPU
		{B4EC2919-926B-4894-84EE-2B2E38C66554}.Local|Any CPU.Build.0 = Debug|Any CPU
		{B4EC2919-926B-4894-84EE-2B2E38C66554}.Release|Any CPU.ActiveCfg = Release|Any CPU
		{B4EC2919-926B-4894-84EE-2B2E38C66554}.Release|Any CPU.Build.0 = Release|Any CPU
		{A1BD7FBA-3100-49D9-9802-605A70C43752}.Debug|Any CPU.ActiveCfg = Debug|Any CPU
		{A1BD7FBA-3100-49D9-9802-605A70C43752}.Debug|Any CPU.Build.0 = Debug|Any CPU
		{A1BD7FBA-3100-49D9-9802-605A70C43752}.Local|Any CPU.ActiveCfg = Debug|Any CPU
		{A1BD7FBA-3100-49D9-9802-605A70C43752}.Local|Any CPU.Build.0 = Debug|Any CPU
		{A1BD7FBA-3100-49D9-9802-605A70C43752}.Release|Any CPU.ActiveCfg = Release|Any CPU
		{A1BD7FBA-3100-49D9-9802-605A70C43752}.Release|Any CPU.Build.0 = Release|Any CPU
		{5573076B-665B-421B-8131-83A6F8DBD3FA}.Debug|Any CPU.ActiveCfg = Debug|Any CPU
		{5573076B-665B-421B-8131-83A6F8DBD3FA}.Debug|Any CPU.Build.0 = Debug|Any CPU
		{5573076B-665B-421B-8131-83A6F8DBD3FA}.Local|Any CPU.ActiveCfg = Debug|Any CPU
		{5573076B-665B-421B-8131-83A6F8DBD3FA}.Local|Any CPU.Build.0 = Debug|Any CPU
		{5573076B-665B-421B-8131-83A6F8DBD3FA}.Release|Any CPU.ActiveCfg = Release|Any CPU
		{5573076B-665B-421B-8131-83A6F8DBD3FA}.Release|Any CPU.Build.0 = Release|Any CPU
		{4F1D8C96-D09C-47DA-9817-D785E04D173B}.Debug|Any CPU.ActiveCfg = Debug|Any CPU
		{4F1D8C96-D09C-47DA-9817-D785E04D173B}.Debug|Any CPU.Build.0 = Debug|Any CPU
		{4F1D8C96-D09C-47DA-9817-D785E04D173B}.Local|Any CPU.ActiveCfg = Debug|Any CPU
		{4F1D8C96-D09C-47DA-9817-D785E04D173B}.Local|Any CPU.Build.0 = Debug|Any CPU
		{4F1D8C96-D09C-47DA-9817-D785E04D173B}.Release|Any CPU.ActiveCfg = Release|Any CPU
		{4F1D8C96-D09C-47DA-9817-D785E04D173B}.Release|Any CPU.Build.0 = Release|Any CPU
	EndGlobalSection
	GlobalSection(SolutionProperties) = preSolution
		HideSolutionNode = FALSE
	EndGlobalSection
	GlobalSection(NestedProjects) = preSolution
		{E5F4CB54-EA3B-4D56-A071-F48FE9AB2FFF} = {B50C29C9-AFB4-496C-9244-5946CAFF5A6E}
		{B1664F53-6822-41A3-8A54-49BCA4E52429} = {E5F4CB54-EA3B-4D56-A071-F48FE9AB2FFF}
		{D5D3ED37-C1B2-4EE8-A6F0-BB76F1655847} = {82D2A3B5-1522-440D-9285-83F82CC3FB88}
		{A12F6398-5B68-4715-8D6E-585476F3D949} = {B50C29C9-AFB4-496C-9244-5946CAFF5A6E}
		{BAF27F71-B2FD-4FA0-8318-95AE5CA344F8} = {A12F6398-5B68-4715-8D6E-585476F3D949}
		{3B58EEAF-6934-45AA-94FA-2E3CE3BF5E28} = {B50C29C9-AFB4-496C-9244-5946CAFF5A6E}
		{7CA07B3C-7C72-4AD4-A1BB-F942E5DC3433} = {3B58EEAF-6934-45AA-94FA-2E3CE3BF5E28}
		{C4888E6E-536D-4B9E-802D-61AC1DD9EBF8} = {B50C29C9-AFB4-496C-9244-5946CAFF5A6E}
		{26A71A19-5B3D-455F-8299-3FD31F9DC439} = {C4888E6E-536D-4B9E-802D-61AC1DD9EBF8}
		{80C60DE8-DAFD-4C07-A730-FCA63857115D} = {C4888E6E-536D-4B9E-802D-61AC1DD9EBF8}
		{F6372BC8-C949-46AF-9760-C8BF38D27AAD} = {C4888E6E-536D-4B9E-802D-61AC1DD9EBF8}
		{B4EC2919-926B-4894-84EE-2B2E38C66554} = {C4888E6E-536D-4B9E-802D-61AC1DD9EBF8}
		{A1BD7FBA-3100-49D9-9802-605A70C43752} = {82D2A3B5-1522-440D-9285-83F82CC3FB88}
		{5573076B-665B-421B-8131-83A6F8DBD3FA} = {D106D778-3376-45CA-9387-56492B12A549}
		{4F1D8C96-D09C-47DA-9817-D785E04D173B} = {ACDC50AF-A427-4F71-BBF2-BAA31E0EB355}
	EndGlobalSection
	GlobalSection(ExtensibilityGlobals) = postSolution
		SolutionGuid = {7B17195C-F05C-479E-B9D0-70D630A9982A}
	EndGlobalSection
EndGlobal
